
Microsoft Visual Studio Solution File, Format Version 12.00
# Visual Studio Version 16
VisualStudioVersion = 16.0.34407.143
MinimumVisualStudioVersion = 10.0.40219.1
Project("{FAE04EC0-301F-11D3-BF4B-00C04F79EFBC}") = "CryptonicsPropertyManagement", "CryptonicsPropertyManagement\CryptonicsPropertyManagement.csproj", "{BD105206-ACDC-43CE-9B85-20FCA29D9341}"
EndProject
Global
	GlobalSection(SolutionConfigurationPlatforms) = preSolution
		Debug|Any CPU = Debug|Any CPU
		Release|Any CPU = Release|Any CPU
	EndGlobalSection
	GlobalSection(ProjectConfigurationPlatforms) = postSolution
		{BD105206-ACDC-43CE-9B85-20FCA29D9341}.Debug|Any CPU.ActiveCfg = Debug|Any CPU
		{BD105206-ACDC-43CE-9B85-20FCA29D9341}.Debug|Any CPU.Build.0 = Debug|Any CPU
		{BD105206-ACDC-43CE-9B85-20FCA29D9341}.Release|Any CPU.ActiveCfg = Release|Any CPU
		{BD105206-ACDC-43CE-9B85-20FCA29D9341}.Release|Any CPU.Build.0 = Release|Any CPU
	EndGlobalSection
	GlobalSection(SolutionProperties) = preSolution
		HideSolutionNode = FALSE
	EndGlobalSection
	GlobalSection(ExtensibilityGlobals) = postSolution
		SolutionGuid = {44DC8891-55B3-4FF0-BF94-125D5E2469AB}
	EndGlobalSection
EndGlobal
